
Microsoft Visual Studio Solution File, Format Version 12.00
# Visual Studio 15
Project("{FAE04EC0-301F-11D3-BF4B-00C04F79EFBC}") = "text101", "text101.csproj", "{1564AA45-ADFB-11DB-1464-D134EDB2E05B}"
EndProject
Global
	GlobalSection(SolutionConfigurationPlatforms) = preSolution
		Debug|Any CPU = Debug|Any CPU
		Release|Any CPU = Release|Any CPU
	EndGlobalSection
	GlobalSection(ProjectConfigurationPlatforms) = postSolution
		{1564AA45-ADFB-11DB-1464-D134EDB2E05B}.Debug|Any CPU.ActiveCfg = Debug|Any CPU
		{1564AA45-ADFB-11DB-1464-D134EDB2E05B}.Debug|Any CPU.Build.0 = Debug|Any CPU
		{1564AA45-ADFB-11DB-1464-D134EDB2E05B}.Release|Any CPU.ActiveCfg = Release|Any CPU
		{1564AA45-ADFB-11DB-1464-D134EDB2E05B}.Release|Any CPU.Build.0 = Release|Any CPU
	EndGlobalSection
	GlobalSection(SolutionProperties) = preSolution
		HideSolutionNode = FALSE
	EndGlobalSection
EndGlobal
